
Microsoft Visual Studio Solution File, Format Version 12.00
# Visual Studio Version 17
VisualStudioVersion = 17.5.002.0
MinimumVisualStudioVersion = 10.0.40219.1
Project("{2150E333-8FDC-42A3-9474-1A3956D46DE8}") = "csharp-prep", "csharp-prep", "{27A79ADC-F207-480B-9149-DE731755FE6A}"
EndProject
Project("{9A19103F-16F7-4668-BE54-9A1E7A4F7556}") = "Prep1", "csharp-prep\Prep1\Prep1.csproj", "{CF14CCFF-9EB5-4D0F-89F5-645BE246F3C2}"
EndProject
Project("{9A19103F-16F7-4668-BE54-9A1E7A4F7556}") = "Prep2", "csharp-prep\Prep2\Prep2.csproj", "{2730ED10-B98F-4092-A6F1-E68FAD6A038A}"
EndProject
Project("{9A19103F-16F7-4668-BE54-9A1E7A4F7556}") = "Prep3", "csharp-prep\Prep3\Prep3.csproj", "{73B88D4A-15CC-4496-A6CF-3089FC1AE407}"
EndProject
Project("{9A19103F-16F7-4668-BE54-9A1E7A4F7556}") = "Prep4", "csharp-prep\Prep4\Prep4.csproj", "{0DF04C46-A2D8-4A7F-9AE0-180803F44489}"
EndProject
Project("{9A19103F-16F7-4668-BE54-9A1E7A4F7556}") = "Prep5", "csharp-prep\Prep5\Prep5.csproj", "{1B740006-99DC-4A26-B066-FF5A7A955F89}"
EndProject
Project("{2150E333-8FDC-42A3-9474-1A3956D46DE8}") = "final", "final", "{62D79362-A1C6-43C4-BB8A-5A20863A591D}"
EndProject
Project("{9A19103F-16F7-4668-BE54-9A1E7A4F7556}") = "FinalProject", "final\FinalProject\FinalProject.csproj", "{0BD86D4B-B050-474F-AAD2-9AC4BA23ACDB}"
EndProject
Project("{9A19103F-16F7-4668-BE54-9A1E7A4F7556}") = "Foundation1", "final\Foundation1\Foundation1.csproj", "{B8FD3AB9-BDCE-4241-BCC2-AC49A5020C0D}"
EndProject
Project("{9A19103F-16F7-4668-BE54-9A1E7A4F7556}") = "Foundation2", "final\Foundation2\Foundation2.csproj", "{B0DF887E-8736-47AB-8EE7-AA4EECFF767D}"
EndProject
Project("{9A19103F-16F7-4668-BE54-9A1E7A4F7556}") = "Foundation3", "final\Foundation3\Foundation3.csproj", "{C7F68098-2737-42A0-A48F-C22BB6FFDE85}"
EndProject
Project("{9A19103F-16F7-4668-BE54-9A1E7A4F7556}") = "Foundation4", "final\Foundation4\Foundation4.csproj", "{6EFA19BF-F642-48C0-9D64-5333ADE48125}"
EndProject
Project("{2150E333-8FDC-42A3-9474-1A3956D46DE8}") = "prepare", "prepare", "{EE9F3768-E121-4B62-B962-7AC569882A09}"
EndProject
Project("{9A19103F-16F7-4668-BE54-9A1E7A4F7556}") = "Learning02", "prepare\Learning02\Learning02.csproj", "{AEEC588A-1CBA-48D8-AC26-AA3F9CF58006}"
EndProject
Project("{9A19103F-16F7-4668-BE54-9A1E7A4F7556}") = "Learning03", "prepare\Learning03\Learning03.csproj", "{3AC5D0C0-4AE6-4935-8311-74512248716D}"
EndProject
Project("{9A19103F-16F7-4668-BE54-9A1E7A4F7556}") = "Learning04", "prepare\Learning04\Learning04.csproj", "{C2CA7312-34A4-4BD9-9D31-669F30AC9696}"
EndProject
Project("{9A19103F-16F7-4668-BE54-9A1E7A4F7556}") = "Learning05", "prepare\Learning05\Learning05.csproj", "{CF862665-CC5A-4202-B4A0-CFEF8BB47D2F}"
EndProject
Project("{2150E333-8FDC-42A3-9474-1A3956D46DE8}") = "prove", "prove", "{0C341625-2040-49C5-9432-2AF8ADAF21C7}"
EndProject
Project("{9A19103F-16F7-4668-BE54-9A1E7A4F7556}") = "Develop02", "prove\Develop02\Develop02.csproj", "{66F0BB8C-0987-4F8C-9B9B-F75DEF3A2439}"
EndProject
Project("{9A19103F-16F7-4668-BE54-9A1E7A4F7556}") = "Develop03", "prove\Develop03\Develop03.csproj", "{4649CBB8-D430-44C9-955D-6F4C8995441D}"
EndProject
Project("{9A19103F-16F7-4668-BE54-9A1E7A4F7556}") = "Develop04", "prove\Develop04\Develop04.csproj", "{00DB2EF9-9186-44DD-B903-A5CBFB7AF8F9}"
EndProject
Project("{9A19103F-16F7-4668-BE54-9A1E7A4F7556}") = "Develop05", "prove\Develop05\Develop05.csproj", "{5FB687F8-A4DB-483A-BB3E-E610786077B1}"
EndProject
Project("{2150E333-8FDC-42A3-9474-1A3956D46DE8}") = "sandbox", "sandbox", "{FC4628A9-C750-44B6-8222-5BC371AE458B}"
EndProject
Project("{9A19103F-16F7-4668-BE54-9A1E7A4F7556}") = "Sandbox", "sandbox\Sandbox\Sandbox.csproj", "{578ADD40-E40B-4E8C-8732-DA435CF81FC7}"
EndProject
Global
	GlobalSection(SolutionConfigurationPlatforms) = preSolution
		Debug|Any CPU = Debug|Any CPU
		Release|Any CPU = Release|Any CPU
	EndGlobalSection
	GlobalSection(ProjectConfigurationPlatforms) = postSolution
		{CF14CCFF-9EB5-4D0F-89F5-645BE246F3C2}.Debug|Any CPU.ActiveCfg = Debug|Any CPU
		{CF14CCFF-9EB5-4D0F-89F5-645BE246F3C2}.Debug|Any CPU.Build.0 = Debug|Any CPU
		{CF14CCFF-9EB5-4D0F-89F5-645BE246F3C2}.Release|Any CPU.ActiveCfg = Release|Any CPU
		{CF14CCFF-9EB5-4D0F-89F5-645BE246F3C2}.Release|Any CPU.Build.0 = Release|Any CPU
		{2730ED10-B98F-4092-A6F1-E68FAD6A038A}.Debug|Any CPU.ActiveCfg = Debug|Any CPU
		{2730ED10-B98F-4092-A6F1-E68FAD6A038A}.Debug|Any CPU.Build.0 = Debug|Any CPU
		{2730ED10-B98F-4092-A6F1-E68FAD6A038A}.Release|Any CPU.ActiveCfg = Release|Any CPU
		{2730ED10-B98F-4092-A6F1-E68FAD6A038A}.Release|Any CPU.Build.0 = Release|Any CPU
		{73B88D4A-15CC-4496-A6CF-3089FC1AE407}.Debug|Any CPU.ActiveCfg = Debug|Any CPU
		{73B88D4A-15CC-4496-A6CF-3089FC1AE407}.Debug|Any CPU.Build.0 = Debug|Any CPU
		{73B88D4A-15CC-4496-A6CF-3089FC1AE407}.Release|Any CPU.ActiveCfg = Release|Any CPU
		{73B88D4A-15CC-4496-A6CF-3089FC1AE407}.Release|Any CPU.Build.0 = Release|Any CPU
		{0DF04C46-A2D8-4A7F-9AE0-180803F44489}.Debug|Any CPU.ActiveCfg = Debug|Any CPU
		{0DF04C46-A2D8-4A7F-9AE0-180803F44489}.Debug|Any CPU.Build.0 = Debug|Any CPU
		{0DF04C46-A2D8-4A7F-9AE0-180803F44489}.Release|Any CPU.ActiveCfg = Release|Any CPU
		{0DF04C46-A2D8-4A7F-9AE0-180803F44489}.Release|Any CPU.Build.0 = Release|Any CPU
		{1B740006-99DC-4A26-B066-FF5A7A955F89}.Debug|Any CPU.ActiveCfg = Debug|Any CPU
		{1B740006-99DC-4A26-B066-FF5A7A955F89}.Debug|Any CPU.Build.0 = Debug|Any CPU
		{1B740006-99DC-4A26-B066-FF5A7A955F89}.Release|Any CPU.ActiveCfg = Release|Any CPU
		{1B740006-99DC-4A26-B066-FF5A7A955F89}.Release|Any CPU.Build.0 = Release|Any CPU
		{0BD86D4B-B050-474F-AAD2-9AC4BA23ACDB}.Debug|Any CPU.ActiveCfg = Debug|Any CPU
		{0BD86D4B-B050-474F-AAD2-9AC4BA23ACDB}.Debug|Any CPU.Build.0 = Debug|Any CPU
		{0BD86D4B-B050-474F-AAD2-9AC4BA23ACDB}.Release|Any CPU.ActiveCfg = Release|Any CPU
		{0BD86D4B-B050-474F-AAD2-9AC4BA23ACDB}.Release|Any CPU.Build.0 = Release|Any CPU
		{B8FD3AB9-BDCE-4241-BCC2-AC49A5020C0D}.Debug|Any CPU.ActiveCfg = Debug|Any CPU
		{B8FD3AB9-BDCE-4241-BCC2-AC49A5020C0D}.Debug|Any CPU.Build.0 = Debug|Any CPU
		{B8FD3AB9-BDCE-4241-BCC2-AC49A5020C0D}.Release|Any CPU.ActiveCfg = Release|Any CPU
		{B8FD3AB9-BDCE-4241-BCC2-AC49A5020C0D}.Release|Any CPU.Build.0 = Release|Any CPU
		{B0DF887E-8736-47AB-8EE7-AA4EECFF767D}.Debug|Any CPU.ActiveCfg = Debug|Any CPU
		{B0DF887E-8736-47AB-8EE7-AA4EECFF767D}.Debug|Any CPU.Build.0 = Debug|Any CPU
		{B0DF887E-8736-47AB-8EE7-AA4EECFF767D}.Release|Any CPU.ActiveCfg = Release|Any CPU
		{B0DF887E-8736-47AB-8EE7-AA4EECFF767D}.Release|Any CPU.Build.0 = Release|Any CPU
		{C7F68098-2737-42A0-A48F-C22BB6FFDE85}.Debug|Any CPU.ActiveCfg = Debug|Any CPU
		{C7F68098-2737-42A0-A48F-C22BB6FFDE85}.Debug|Any CPU.Build.0 = Debug|Any CPU
		{C7F68098-2737-42A0-A48F-C22BB6FFDE85}.Release|Any CPU.ActiveCfg = Release|Any CPU
		{C7F68098-2737-42A0-A48F-C22BB6FFDE85}.Release|Any CPU.Build.0 = Release|Any CPU
		{6EFA19BF-F642-48C0-9D64-5333ADE48125}.Debug|Any CPU.ActiveCfg = Debug|Any CPU
		{6EFA19BF-F642-48C0-9D64-5333ADE48125}.Debug|Any CPU.Build.0 = Debug|Any CPU
		{6EFA19BF-F642-48C0-9D64-5333ADE48125}.Release|Any CPU.ActiveCfg = Release|Any CPU
		{6EFA19BF-F642-48C0-9D64-5333ADE48125}.Release|Any CPU.Build.0 = Release|Any CPU
		{AEEC588A-1CBA-48D8-AC26-AA3F9CF58006}.Debug|Any CPU.ActiveCfg = Debug|Any CPU
		{AEEC588A-1CBA-48D8-AC26-AA3F9CF58006}.Debug|Any CPU.Build.0 = Debug|Any CPU
		{AEEC588A-1CBA-48D8-AC26-AA3F9CF58006}.Release|Any CPU.ActiveCfg = Release|Any CPU
		{AEEC588A-1CBA-48D8-AC26-AA3F9CF58006}.Release|Any CPU.Build.0 = Release|Any CPU
		{3AC5D0C0-4AE6-4935-8311-74512248716D}.Debug|Any CPU.ActiveCfg = Debug|Any CPU
		{3AC5D0C0-4AE6-4935-8311-74512248716D}.Debug|Any CPU.Build.0 = Debug|Any CPU
		{3AC5D0C0-4AE6-4935-8311-74512248716D}.Release|Any CPU.ActiveCfg = Release|Any CPU
		{3AC5D0C0-4AE6-4935-8311-74512248716D}.Release|Any CPU.Build.0 = Release|Any CPU
		{C2CA7312-34A4-4BD9-9D31-669F30AC9696}.Debug|Any CPU.ActiveCfg = Debug|Any CPU
		{C2CA7312-34A4-4BD9-9D31-669F30AC9696}.Debug|Any CPU.Build.0 = Debug|Any CPU
		{C2CA7312-34A4-4BD9-9D31-669F30AC9696}.Release|Any CPU.ActiveCfg = Release|Any CPU
		{C2CA7312-34A4-4BD9-9D31-669F30AC9696}.Release|Any CPU.Build.0 = Release|Any CPU
		{CF862665-CC5A-4202-B4A0-CFEF8BB47D2F}.Debug|Any CPU.ActiveCfg = Debug|Any CPU
		{CF862665-CC5A-4202-B4A0-CFEF8BB47D2F}.Debug|Any CPU.Build.0 = Debug|Any CPU
		{CF862665-CC5A-4202-B4A0-CFEF8BB47D2F}.Release|Any CPU.ActiveCfg = Release|Any CPU
		{CF862665-CC5A-4202-B4A0-CFEF8BB47D2F}.Release|Any CPU.Build.0 = Release|Any CPU
		{66F0BB8C-0987-4F8C-9B9B-F75DEF3A2439}.Debug|Any CPU.ActiveCfg = Debug|Any CPU
		{66F0BB8C-0987-4F8C-9B9B-F75DEF3A2439}.Debug|Any CPU.Build.0 = Debug|Any CPU
		{66F0BB8C-0987-4F8C-9B9B-F75DEF3A2439}.Release|Any CPU.ActiveCfg = Release|Any CPU
		{66F0BB8C-0987-4F8C-9B9B-F75DEF3A2439}.Release|Any CPU.Build.0 = Release|Any CPU
		{4649CBB8-D430-44C9-955D-6F4C8995441D}.Debug|Any CPU.ActiveCfg = Debug|Any CPU
		{4649CBB8-D430-44C9-955D-6F4C8995441D}.Debug|Any CPU.Build.0 = Debug|Any CPU
		{4649CBB8-D430-44C9-955D-6F4C8995441D}.Release|Any CPU.ActiveCfg = Release|Any CPU
		{4649CBB8-D430-44C9-955D-6F4C8995441D}.Release|Any CPU.Build.0 = Release|Any CPU
		{00DB2EF9-9186-44DD-B903-A5CBFB7AF8F9}.Debug|Any CPU.ActiveCfg = Debug|Any CPU
		{00DB2EF9-9186-44DD-B903-A5CBFB7AF8F9}.Debug|Any CPU.Build.0 = Debug|Any CPU
		{00DB2EF9-9186-44DD-B903-A5CBFB7AF8F9}.Release|Any CPU.ActiveCfg = Release|Any CPU
		{00DB2EF9-9186-44DD-B903-A5CBFB7AF8F9}.Release|Any CPU.Build.0 = Release|Any CPU
		{5FB687F8-A4DB-483A-BB3E-E610786077B1}.Debug|Any CPU.ActiveCfg = Debug|Any CPU
		{5FB687F8-A4DB-483A-BB3E-E610786077B1}.Debug|Any CPU.Build.0 = Debug|Any CPU
		{5FB687F8-A4DB-483A-BB3E-E610786077B1}.Release|Any CPU.ActiveCfg = Release|Any CPU
		{5FB687F8-A4DB-483A-BB3E-E610786077B1}.Release|Any CPU.Build.0 = Release|Any CPU
		{578ADD40-E40B-4E8C-8732-DA435CF81FC7}.Debug|Any CPU.ActiveCfg = Debug|Any CPU
		{578ADD40-E40B-4E8C-8732-DA435CF81FC7}.Debug|Any CPU.Build.0 = Debug|Any CPU
		{578ADD40-E40B-4E8C-8732-DA435CF81FC7}.Release|Any CPU.ActiveCfg = Release|Any CPU
		{578ADD40-E40B-4E8C-8732-DA435CF81FC7}.Release|Any CPU.Build.0 = Release|Any CPU
	EndGlobalSection
	GlobalSection(SolutionProperties) = preSolution
		HideSolutionNode = FALSE
	EndGlobalSection
	GlobalSection(NestedProjects) = preSolution
		{CF14CCFF-9EB5-4D0F-89F5-645BE246F3C2} = {27A79ADC-F207-480B-9149-DE731755FE6A}
		{2730ED10-B98F-4092-A6F1-E68FAD6A038A} = {27A79ADC-F207-480B-9149-DE731755FE6A}
		{73B88D4A-15CC-4496-A6CF-3089FC1AE407} = {27A79ADC-F207-480B-9149-DE731755FE6A}
		{0DF04C46-A2D8-4A7F-9AE0-180803F44489} = {27A79ADC-F207-480B-9149-DE731755FE6A}
		{1B740006-99DC-4A26-B066-FF5A7A955F89} = {27A79ADC-F207-480B-9149-DE731755FE6A}
		{0BD86D4B-B050-474F-AAD2-9AC4BA23ACDB} = {62D79362-A1C6-43C4-BB8A-5A20863A591D}
		{B8FD3AB9-BDCE-4241-BCC2-AC49A5020C0D} = {62D79362-A1C6-43C4-BB8A-5A20863A591D}
		{B0DF887E-8736-47AB-8EE7-AA4EECFF767D} = {62D79362-A1C6-43C4-BB8A-5A20863A591D}
		{C7F68098-2737-42A0-A48F-C22BB6FFDE85} = {62D79362-A1C6-43C4-BB8A-5A20863A591D}
		{6EFA19BF-F642-48C0-9D64-5333ADE48125} = {62D79362-A1C6-43C4-BB8A-5A20863A591D}
		{AEEC588A-1CBA-48D8-AC26-AA3F9CF58006} = {EE9F3768-E121-4B62-B962-7AC569882A09}
		{3AC5D0C0-4AE6-4935-8311-74512248716D} = {EE9F3768-E121-4B62-B962-7AC569882A09}
		{C2CA7312-34A4-4BD9-9D31-669F30AC9696} = {EE9F3768-E121-4B62-B962-7AC569882A09}
		{CF862665-CC5A-4202-B4A0-CFEF8BB47D2F} = {EE9F3768-E121-4B62-B962-7AC569882A09}
		{66F0BB8C-0987-4F8C-9B9B-F75DEF3A2439} = {0C341625-2040-49C5-9432-2AF8ADAF21C7}
		{4649CBB8-D430-44C9-955D-6F4C8995441D} = {0C341625-2040-49C5-9432-2AF8ADAF21C7}
		{00DB2EF9-9186-44DD-B903-A5CBFB7AF8F9} = {0C341625-2040-49C5-9432-2AF8ADAF21C7}
		{5FB687F8-A4DB-483A-BB3E-E610786077B1} = {0C341625-2040-49C5-9432-2AF8ADAF21C7}
		{578ADD40-E40B-4E8C-8732-DA435CF81FC7} = {FC4628A9-C750-44B6-8222-5BC371AE458B}
	EndGlobalSection
	GlobalSection(ExtensibilityGlobals) = postSolution
		SolutionGuid = {CFB201B0-8D0C-46BB-872F-7AF504EE2236}
	EndGlobalSection
EndGlobal
